
Microsoft Visual Studio Solution File, Format Version 12.00
# Visual Studio 15
VisualStudioVersion = 15.0.28307.1145
MinimumVisualStudioVersion = 10.0.40219.1
Project("{8BC9CEB8-8B4A-11D0-8D11-00A0C91BC942}") = "Orbital", "Orbital\Orbital.vcxproj", "{C1B992BA-0A0B-42C3-9A08-9A5133DE3F4B}"
EndProject
Project("{54435603-DBB4-11D2-8724-00A0C9A8B90C}") = "Setup", "Setup\Setup.vdproj", "{BC6C94CA-481D-4300-BB99-57B702FAD256}"
EndProject
Global
	GlobalSection(SolutionConfigurationPlatforms) = preSolution
		Debug|x64 = Debug|x64
		Debug|x86 = Debug|x86
		Debug-38|x64 = Debug-38|x64
		Debug-38|x86 = Debug-38|x86
		Debug-39|x64 = Debug-39|x64
		Debug-39|x86 = Debug-39|x86
		Release|x64 = Release|x64
		Release|x86 = Release|x86
		Release-38|x64 = Release-38|x64
		Release-38|x86 = Release-38|x86
		Release-39|x64 = Release-39|x64
		Release-39|x86 = Release-39|x86
	EndGlobalSection
	GlobalSection(ProjectConfigurationPlatforms) = postSolution
		{C1B992BA-0A0B-42C3-9A08-9A5133DE3F4B}.Debug|x64.ActiveCfg = Debug|x64
		{C1B992BA-0A0B-42C3-9A08-9A5133DE3F4B}.Debug|x64.Build.0 = Debug|x64
		{C1B992BA-0A0B-42C3-9A08-9A5133DE3F4B}.Debug|x86.ActiveCfg = Debug|Win32
		{C1B992BA-0A0B-42C3-9A08-9A5133DE3F4B}.Debug|x86.Build.0 = Debug|Win32
		{C1B992BA-0A0B-42C3-9A08-9A5133DE3F4B}.Debug-38|x64.ActiveCfg = Debug-38|x64
		{C1B992BA-0A0B-42C3-9A08-9A5133DE3F4B}.Debug-38|x64.Build.0 = Debug-38|x64
		{C1B992BA-0A0B-42C3-9A08-9A5133DE3F4B}.Debug-38|x86.ActiveCfg = Debug-38|Win32
		{C1B992BA-0A0B-42C3-9A08-9A5133DE3F4B}.Debug-38|x86.Build.0 = Debug-38|Win32
		{C1B992BA-0A0B-42C3-9A08-9A5133DE3F4B}.Debug-39|x64.ActiveCfg = Debug-39|x64
		{C1B992BA-0A0B-42C3-9A08-9A5133DE3F4B}.Debug-39|x64.Build.0 = Debug-39|x64
		{C1B992BA-0A0B-42C3-9A08-9A5133DE3F4B}.Debug-39|x86.ActiveCfg = Debug-39|Win32
		{C1B992BA-0A0B-42C3-9A08-9A5133DE3F4B}.Debug-39|x86.Build.0 = Debug-39|Win32
		{C1B992BA-0A0B-42C3-9A08-9A5133DE3F4B}.Release|x64.ActiveCfg = Release|x64
		{C1B992BA-0A0B-42C3-9A08-9A5133DE3F4B}.Release|x64.Build.0 = Release|x64
		{C1B992BA-0A0B-42C3-9A08-9A5133DE3F4B}.Release|x86.ActiveCfg = Release|Win32
		{C1B992BA-0A0B-42C3-9A08-9A5133DE3F4B}.Release|x86.Build.0 = Release|Win32
		{C1B992BA-0A0B-42C3-9A08-9A5133DE3F4B}.Release-38|x64.ActiveCfg = Release-38|x64
		{C1B992BA-0A0B-42C3-9A08-9A5133DE3F4B}.Release-38|x64.Build.0 = Release-38|x64
		{C1B992BA-0A0B-42C3-9A08-9A5133DE3F4B}.Release-38|x86.ActiveCfg = Release-38|Win32
		{C1B992BA-0A0B-42C3-9A08-9A5133DE3F4B}.Release-38|x86.Build.0 = Release-38|Win32
		{C1B992BA-0A0B-42C3-9A08-9A5133DE3F4B}.Release-39|x64.ActiveCfg = Release-39|x64
		{C1B992BA-0A0B-42C3-9A08-9A5133DE3F4B}.Release-39|x64.Build.0 = Release-39|x64
		{C1B992BA-0A0B-42C3-9A08-9A5133DE3F4B}.Release-39|x86.ActiveCfg = Release-39|Win32
		{C1B992BA-0A0B-42C3-9A08-9A5133DE3F4B}.Release-39|x86.Build.0 = Release-39|Win32
		{BC6C94CA-481D-4300-BB99-57B702FAD256}.Debug|x64.ActiveCfg = Debug
		{BC6C94CA-481D-4300-BB99-57B702FAD256}.Debug|x86.ActiveCfg = Debug
		{BC6C94CA-481D-4300-BB99-57B702FAD256}.Debug-38|x64.ActiveCfg = Debug-38
		{BC6C94CA-481D-4300-BB99-57B702FAD256}.Debug-38|x64.Build.0 = Debug-38
		{BC6C94CA-481D-4300-BB99-57B702FAD256}.Debug-38|x86.ActiveCfg = Debug-38
		{BC6C94CA-481D-4300-BB99-57B702FAD256}.Debug-38|x86.Build.0 = Debug-38
		{BC6C94CA-481D-4300-BB99-57B702FAD256}.Debug-39|x64.ActiveCfg = Debug-39
		{BC6C94CA-481D-4300-BB99-57B702FAD256}.Debug-39|x86.ActiveCfg = Debug-39
		{BC6C94CA-481D-4300-BB99-57B702FAD256}.Debug-39|x86.Build.0 = Debug-39
		{BC6C94CA-481D-4300-BB99-57B702FAD256}.Release|x64.ActiveCfg = Release
		{BC6C94CA-481D-4300-BB99-57B702FAD256}.Release|x64.Build.0 = Release
		{BC6C94CA-481D-4300-BB99-57B702FAD256}.Release|x86.ActiveCfg = Release
		{BC6C94CA-481D-4300-BB99-57B702FAD256}.Release-38|x64.ActiveCfg = Release-38
		{BC6C94CA-481D-4300-BB99-57B702FAD256}.Release-38|x64.Build.0 = Release-38
		{BC6C94CA-481D-4300-BB99-57B702FAD256}.Release-38|x86.ActiveCfg = Release-38
		{BC6C94CA-481D-4300-BB99-57B702FAD256}.Release-38|x86.Build.0 = Release-38
		{BC6C94CA-481D-4300-BB99-57B702FAD256}.Release-39|x64.ActiveCfg = Release-39
		{BC6C94CA-481D-4300-BB99-57B702FAD256}.Release-39|x64.Build.0 = Release-39
		{BC6C94CA-481D-4300-BB99-57B702FAD256}.Release-39|x86.ActiveCfg = Release-39
		{BC6C94CA-481D-4300-BB99-57B702FAD256}.Release-39|x86.Build.0 = Release-39
	EndGlobalSection
	GlobalSection(SolutionProperties) = preSolution
		HideSolutionNode = FALSE
	EndGlobalSection
	GlobalSection(ExtensibilityGlobals) = postSolution
		SolutionGuid = {BFF84A35-31F7-4D34-B2A3-EF54D6437279}
	EndGlobalSection
EndGlobal
