<?xml version="1.0" encoding="utf-8"?>
<Project ToolsVersion="4.0" xmlns="http://schemas.microsoft.com/developer/msbuild/2003">
  <ItemGroup>
    <Filter Include="Source Files">
      <UniqueIdentifier>{4FC737F1-C7A5-4376-A066-2A32D752A2FF}</UniqueIdentifier>
      <Extensions>cpp;c;cc;cxx;def;odl;idl;hpj;bat;asm;asmx</Extensions>
    </Filter>
    <Filter Include="Header Files">
      <UniqueIdentifier>{93995380-89BD-4b04-88EB-625FBE52EBFB}</UniqueIdentifier>
      <Extensions>h;hh;hpp;hxx;hm;inl;inc;xsd</Extensions>
    </Filter>
    <Filter Include="Resource Files">
      <UniqueIdentifier>{67DA6AB6-F800-4c08-8B7A-83BB121AAD01}</UniqueIdentifier>
      <Extensions>rc;ico;cur;bmp;dlg;rc2;rct;bin;rgs;gif;jpg;jpeg;jpe;resx;tiff;tif;png;wav;mfcribbon-ms</Extensions>
    </Filter>
    <Filter Include="Form Files">
      <UniqueIdentifier>{99349809-55BA-4b9d-BF79-8FDBB0286EB3}</UniqueIdentifier>
      <Extensions>ui</Extensions>
    </Filter>
    <Filter Include="Resource Files">
      <UniqueIdentifier>{D9D6E242-F8AF-46E4-B9FD-80ECBC20BA3E}</UniqueIdentifier>
      <Extensions>qrc;*</Extensions>
      <ParseFiles>false</ParseFiles>
    </Filter>
    <Filter Include="Header Files\PyEngine">
      <UniqueIdentifier>{1eac5de3-46d8-4415-a727-d400e371f951}</UniqueIdentifier>
    </Filter>
    <Filter Include="Source Files\PyEngine">
      <UniqueIdentifier>{d31e0e4b-4b1d-42d6-98db-7c5a11fa79c7}</UniqueIdentifier>
    </Filter>
    <Filter Include="Header Files\UI">
      <UniqueIdentifier>{ec17dbb3-5f37-473f-a6e5-954ad4af7707}</UniqueIdentifier>
    </Filter>
    <Filter Include="Source Files\UI">
      <UniqueIdentifier>{08cd1701-9c79-48e0-be06-6d3ca391ccc0}</UniqueIdentifier>
    </Filter>
    <Filter Include="Python Files">
      <UniqueIdentifier>{762ca9ee-0c0f-46d8-a254-98bf7568903b}</UniqueIdentifier>
    </Filter>
    <Filter Include="Python Files\Example Scripts">
      <UniqueIdentifier>{83be7d0d-9878-46c5-91d0-2b4d5cdd03a0}</UniqueIdentifier>
    </Filter>
  </ItemGroup>
  <ItemGroup>
    <QtRcc Include="AppMainWindow.qrc">
      <Filter>Resource Files</Filter>
    </QtRcc>
  </ItemGroup>
  <ItemGroup>
    <ClCompile Include="PyEngine\PyEngine.cpp">
      <Filter>Source Files\PyEngine</Filter>
    </ClCompile>
    <ClCompile Include="PyEngine\QPyEngineCore.cpp">
      <Filter>Source Files\PyEngine</Filter>
    </ClCompile>
    <ClCompile Include="PyEngine\QPyEngineInterface.cpp">
      <Filter>Source Files\PyEngine</Filter>
    </ClCompile>
    <ClCompile Include="PyEngine\QPyEngineUtils.cpp">
      <Filter>Source Files\PyEngine</Filter>
    </ClCompile>
    <ClCompile Include="UI\AppMainWindow.cpp">
      <Filter>Source Files\UI</Filter>
    </ClCompile>
    <ClCompile Include="UI\AutoSaveDialog.cpp">
      <Filter>Source Files\UI</Filter>
    </ClCompile>
    <ClCompile Include="UI\CustomControlEditorDialog.cpp">
      <Filter>Source Files\UI</Filter>
    </ClCompile>
    <ClCompile Include="UI\DataBufferDialog.cpp">
      <Filter>Source Files\UI</Filter>
    </ClCompile>
    <ClCompile Include="UI\DataInfoDialog.cpp">
      <Filter>Source Files\UI</Filter>
    </ClCompile>
    <ClCompile Include="UI\ErrorLogDialog.cpp">
      <Filter>Source Files\UI</Filter>
    </ClCompile>
    <ClCompile Include="UI\ModuleInfoDialog.cpp">
      <Filter>Source Files\UI</Filter>
    </ClCompile>
    <ClCompile Include="UI\PlotArrangementDialog.cpp">
      <Filter>Source Files\UI</Filter>
    </ClCompile>
    <ClCompile Include="UI\PlotEditorDialog.cpp">
      <Filter>Source Files\UI</Filter>
    </ClCompile>
    <ClCompile Include="UI\QButtonGrid.cpp">
      <Filter>Source Files\UI</Filter>
    </ClCompile>
    <ClCompile Include="UI\qcustomplot.cpp">
      <Filter>Source Files\UI</Filter>
    </ClCompile>
    <ClCompile Include="UI\SaveDialog.cpp">
      <Filter>Source Files\UI</Filter>
    </ClCompile>
    <ClCompile Include="UI\SettingsDialog.cpp">
      <Filter>Source Files\UI</Filter>
    </ClCompile>
    <ClCompile Include="UI\VisaSetupDialog.cpp">
      <Filter>Source Files\UI</Filter>
    </ClCompile>
    <ClCompile Include="AppConfig.cpp">
      <Filter>Source Files</Filter>
    </ClCompile>
    <ClCompile Include="AppEngine.cpp">
      <Filter>Source Files</Filter>
    </ClCompile>
    <ClCompile Include="AppPlot.cpp">
      <Filter>Source Files</Filter>
    </ClCompile>
    <ClCompile Include="AppUI.cpp">
      <Filter>Source Files</Filter>
    </ClCompile>
    <ClCompile Include="DataManager.cpp">
      <Filter>Source Files</Filter>
    </ClCompile>
    <ClCompile Include="GridPoint.cpp">
      <Filter>Source Files</Filter>
    </ClCompile>
    <ClCompile Include="main.cpp">
      <Filter>Source Files</Filter>
    </ClCompile>
    <ClCompile Include="PlotManager.cpp">
      <Filter>Source Files</Filter>
    </ClCompile>
  </ItemGroup>
  <ItemGroup>
    <QtMoc Include="PyEngine\PyEngine.h">
      <Filter>Header Files\PyEngine</Filter>
    </QtMoc>
    <QtMoc Include="PyEngine\QPyEngineCore.h">
      <Filter>Header Files\PyEngine</Filter>
    </QtMoc>
    <QtMoc Include="PyEngine\QPyEngineInterface.h">
      <Filter>Header Files\PyEngine</Filter>
    </QtMoc>
    <QtMoc Include="UI\AppMainWindow.h">
      <Filter>Header Files\UI</Filter>
    </QtMoc>
    <QtMoc Include="UI\AutoSaveDialog.h">
      <Filter>Header Files\UI</Filter>
    </QtMoc>
    <QtMoc Include="UI\CustomControlEditorDialog.h">
      <Filter>Header Files\UI</Filter>
    </QtMoc>
    <QtMoc Include="UI\DataBufferDialog.h">
      <Filter>Header Files\UI</Filter>
    </QtMoc>
    <QtMoc Include="UI\DataInfoDialog.h">
      <Filter>Header Files\UI</Filter>
    </QtMoc>
    <QtMoc Include="UI\ErrorLogDialog.h">
      <Filter>Header Files\UI</Filter>
    </QtMoc>
    <QtMoc Include="UI\ModuleInfoDialog.h">
      <Filter>Header Files\UI</Filter>
    </QtMoc>
    <QtMoc Include="UI\PlotArrangementDialog.h">
      <Filter>Header Files\UI</Filter>
    </QtMoc>
    <QtMoc Include="UI\PlotEditorDialog.h">
      <Filter>Header Files\UI</Filter>
    </QtMoc>
    <QtMoc Include="UI\QButtonGrid.h">
      <Filter>Header Files\UI</Filter>
    </QtMoc>
    <QtMoc Include="UI\qcustomplot.h">
      <Filter>Header Files\UI</Filter>
    </QtMoc>
    <QtMoc Include="UI\SaveDialog.h">
      <Filter>Header Files\UI</Filter>
    </QtMoc>
    <QtMoc Include="UI\SettingsDialog.h">
      <Filter>Header Files\UI</Filter>
    </QtMoc>
    <QtMoc Include="UI\VisaSetupDialog.h">
      <Filter>Header Files\UI</Filter>
    </QtMoc>
    <QtMoc Include="AppEngine.h">
      <Filter>Header Files</Filter>
    </QtMoc>
    <QtMoc Include="AppUI.h">
      <Filter>Header Files</Filter>
    </QtMoc>
    <QtMoc Include="PlotManager.h">
      <Filter>Header Files</Filter>
    </QtMoc>
  </ItemGroup>
  <ItemGroup>
    <ClInclude Include="PyEngine\QPyEngineCommon.h">
      <Filter>Header Files\PyEngine</Filter>
    </ClInclude>
    <ClInclude Include="PyEngine\QPyEngineUtils.h">
      <Filter>Header Files\PyEngine</Filter>
    </ClInclude>
    <ClInclude Include="AppConfig.h">
      <Filter>Header Files</Filter>
    </ClInclude>
    <ClInclude Include="AppPlot.h">
      <Filter>Header Files</Filter>
    </ClInclude>
    <ClInclude Include="commondefine.h">
      <Filter>Header Files</Filter>
    </ClInclude>
    <ClInclude Include="DataManager.h">
      <Filter>Header Files</Filter>
    </ClInclude>
    <ClInclude Include="GridPoint.h">
      <Filter>Header Files</Filter>
    </ClInclude>
    <ClInclude Include="QCustomContainer.h">
      <Filter>Header Files</Filter>
    </ClInclude>
    <ClInclude Include="resource.h">
      <Filter>Header Files</Filter>
    </ClInclude>
  </ItemGroup>
  <ItemGroup>
    <QtUic Include="UI\AppMainWindow.ui">
      <Filter>Form Files</Filter>
    </QtUic>
    <QtUic Include="UI\AutoSaveDialog.ui">
      <Filter>Form Files</Filter>
    </QtUic>
    <QtUic Include="UI\CustomControlEditorDialog.ui">
      <Filter>Form Files</Filter>
    </QtUic>
    <QtUic Include="UI\DataBufferDialog.ui">
      <Filter>Form Files</Filter>
    </QtUic>
    <QtUic Include="UI\DataInfoDialog.ui">
      <Filter>Form Files</Filter>
    </QtUic>
    <QtUic Include="UI\ErrorLogDialog.ui">
      <Filter>Form Files</Filter>
    </QtUic>
    <QtUic Include="UI\ModuleInfoDialog.ui">
      <Filter>Form Files</Filter>
    </QtUic>
    <QtUic Include="UI\PlotArrangementDialog.ui">
      <Filter>Form Files</Filter>
    </QtUic>
    <QtUic Include="UI\PlotEditorDialog.ui">
      <Filter>Form Files</Filter>
    </QtUic>
    <QtUic Include="UI\SaveDialog.ui">
      <Filter>Form Files</Filter>
    </QtUic>
    <QtUic Include="UI\SettingsDialog.ui">
      <Filter>Form Files</Filter>
    </QtUic>
    <QtUic Include="UI\VisaSetupDialog.ui">
      <Filter>Form Files</Filter>
    </QtUic>
  </ItemGroup>
  <ItemGroup>
    <None Include="scripts\ScriptSkeleton.py">
      <Filter>Python Files</Filter>
    </None>
    <None Include="Resources\Orbital.ini">
      <Filter>Resource Files</Filter>
    </None>
    <None Include="scripts\examples\2DPlot_Advanced.py">
      <Filter>Python Files\Example Scripts</Filter>
    </None>
    <None Include="scripts\examples\2DPlot_Simple.py">
      <Filter>Python Files\Example Scripts</Filter>
    </None>
    <None Include="scripts\examples\2DPlot_XData.py">
      <Filter>Python Files\Example Scripts</Filter>
    </None>
    <None Include="scripts\examples\Colormap.py">
      <Filter>Python Files\Example Scripts</Filter>
    </None>
    <None Include="scripts\examples\Colormap_Row.py">
      <Filter>Python Files\Example Scripts</Filter>
    </None>
  </ItemGroup>
  <ItemGroup>
    <Image Include="Resources\Orbital.ico">
      <Filter>Resource Files</Filter>
    </Image>
  </ItemGroup>
  <ItemGroup>
    <ResourceCompile Include="Resource.rc">
      <Filter>Resource Files</Filter>
    </ResourceCompile>
  </ItemGroup>
</Project>